// !$*UTF8*$!
{
	archiveVersion = 1;
	classes = {
	};
	objectVersion = 50;
	objects = {

/* Begin PBXBuildFile section */
		02558C6E21E2F6680054845D /* AppDelegate.swift in Sources */ = {isa = PBXBuildFile; fileRef = 02558C6D21E2F6680054845D /* AppDelegate.swift */; };
		02558C7021E2F6680054845D /* RootViewController.swift in Sources */ = {isa = PBXBuildFile; fileRef = 02558C6F21E2F6680054845D /* RootViewController.swift */; };
		02558C7221E2F6680054845D /* Data1ViewController.swift in Sources */ = {isa = PBXBuildFile; fileRef = 02558C7121E2F6680054845D /* Data1ViewController.swift */; };
		02558C7421E2F6680054845D /* ModelController.swift in Sources */ = {isa = PBXBuildFile; fileRef = 02558C7321E2F6680054845D /* ModelController.swift */; };
		02558C7721E2F6680054845D /* Main.storyboard in Resources */ = {isa = PBXBuildFile; fileRef = 02558C7521E2F6680054845D /* Main.storyboard */; };
		02558C7921E2F66A0054845D /* Assets.xcassets in Resources */ = {isa = PBXBuildFile; fileRef = 02558C7821E2F66A0054845D /* Assets.xcassets */; };
		02558C7C21E2F66A0054845D /* LaunchScreen.storyboard in Resources */ = {isa = PBXBuildFile; fileRef = 02558C7A21E2F66A0054845D /* LaunchScreen.storyboard */; };
		02E531C021E3158B00C34A91 /* Data2ViewController.swift in Sources */ = {isa = PBXBuildFile; fileRef = 02E531BF21E3158B00C34A91 /* Data2ViewController.swift */; };
		02E531C221E31C6E00C34A91 /* Data3ViewController.swift in Sources */ = {isa = PBXBuildFile; fileRef = 02E531C121E31C6E00C34A91 /* Data3ViewController.swift */; };
		02E531C421E32B7400C34A91 /* Data4ViewController.swift in Sources */ = {isa = PBXBuildFile; fileRef = 02E531C321E32B7300C34A91 /* Data4ViewController.swift */; };
/* End PBXBuildFile section */

/* Begin PBXFileReference section */
		02558C6A21E2F6680054845D /* autolayouttest.app */ = {isa = PBXFileReference; explicitFileType = wrapper.application; includeInIndex = 0; path = autolayouttest.app; sourceTree = BUILT_PRODUCTS_DIR; };
		02558C6D21E2F6680054845D /* AppDelegate.swift */ = {isa = PBXFileReference; lastKnownFileType = sourcecode.swift; path = AppDelegate.swift; sourceTree = "<group>"; };
		02558C6F21E2F6680054845D /* RootViewController.swift */ = {isa = PBXFileReference; lastKnownFileType = sourcecode.swift; path = RootViewController.swift; sourceTree = "<group>"; };
		02558C7121E2F6680054845D /* Data1ViewController.swift */ = {isa = PBXFileReference; lastKnownFileType = sourcecode.swift; path = Data1ViewController.swift; sourceTree = "<group>"; };
		02558C7321E2F6680054845D /* ModelController.swift */ = {isa = PBXFileReference; lastKnownFileType = sourcecode.swift; path = ModelController.swift; sourceTree = "<group>"; };
		02558C7621E2F6680054845D /* Base */ = {isa = PBXFileReference; lastKnownFileType = file.storyboard; name = Base; path = Base.lproj/Main.storyboard; sourceTree = "<group>"; };
		02558C7821E2F66A0054845D /* Assets.xcassets */ = {isa = PBXFileReference; lastKnownFileType = folder.assetcatalog; path = Assets.xcassets; sourceTree = "<group>"; };
		02558C7B21E2F66A0054845D /* Base */ = {isa = PBXFileReference; lastKnownFileType = file.storyboard; name = Base; path = Base.lproj/LaunchScreen.storyboard; sourceTree = "<group>"; };
		02558C7D21E2F66A0054845D /* Info.plist */ = {isa = PBXFileReference; lastKnownFileType = text.plist.xml; path = Info.plist; sourceTree = "<group>"; };
		02E531BF21E3158B00C34A91 /* Data2ViewController.swift */ = {isa = PBXFileReference; fileEncoding = 4; lastKnownFileType = sourcecode.swift; path = Data2ViewController.swift; sourceTree = "<group>"; };
		02E531C121E31C6E00C34A91 /* Data3ViewController.swift */ = {isa = PBXFileReference; fileEncoding = 4; lastKnownFileType = sourcecode.swift; path = Data3ViewController.swift; sourceTree = "<group>"; };
		02E531C321E32B7300C34A91 /* Data4ViewController.swift */ = {isa = PBXFileReference; fileEncoding = 4; lastKnownFileType = sourcecode.swift; path = Data4ViewController.swift; sourceTree = "<group>"; };
/* End PBXFileReference section */

/* Begin PBXFrameworksBuildPhase section */
		02558C6721E2F6680054845D /* Frameworks */ = {
			isa = PBXFrameworksBuildPhase;
			buildActionMask = 2147483647;
			files = (
			);
			runOnlyForDeploymentPostprocessing = 0;
		};
/* End PBXFrameworksBuildPhase section */

/* Begin PBXGroup section */
		02558C6121E2F6680054845D = {
			isa = PBXGroup;
			children = (
				02558C6C21E2F6680054845D /* autolayouttest */,
				02558C6B21E2F6680054845D /* Products */,
			);
			sourceTree = "<group>";
		};
		02558C6B21E2F6680054845D /* Products */ = {
			isa = PBXGroup;
			children = (
				02558C6A21E2F6680054845D /* autolayouttest.app */,
			);
			name = Products;
			sourceTree = "<group>";
		};
		02558C6C21E2F6680054845D /* autolayouttest */ = {
			isa = PBXGroup;
			children = (
				02558C6D21E2F6680054845D /* AppDelegate.swift */,
				02558C6F21E2F6680054845D /* RootViewController.swift */,
				02558C7121E2F6680054845D /* Data1ViewController.swift */,
				02E531BF21E3158B00C34A91 /* Data2ViewController.swift */,
				02E531C121E31C6E00C34A91 /* Data3ViewController.swift */,
				02E531C321E32B7300C34A91 /* Data4ViewController.swift */,
				02558C7321E2F6680054845D /* ModelController.swift */,
				02558C7521E2F6680054845D /* Main.storyboard */,
				02558C7821E2F66A0054845D /* Assets.xcassets */,
				02558C7A21E2F66A0054845D /* LaunchScreen.storyboard */,
				02558C7D21E2F66A0054845D /* Info.plist */,
			);
			path = autolayouttest;
			sourceTree = "<group>";
		};
/* End PBXGroup section */

/* Begin PBXNativeTarget section */
		02558C6921E2F6680054845D /* autolayouttest */ = {
			isa = PBXNativeTarget;
			buildConfigurationList = 02558C8021E2F66A0054845D /* Build configuration list for PBXNativeTarget "autolayouttest" */;
			buildPhases = (
				02558C6621E2F6680054845D /* Sources */,
				02558C6721E2F6680054845D /* Frameworks */,
				02558C6821E2F6680054845D /* Resources */,
			);
			buildRules = (
			);
			dependencies = (
			);
			name = autolayouttest;
			productName = autolayouttest;
			productReference = 02558C6A21E2F6680054845D /* autolayouttest.app */;
			productType = "com.apple.product-type.application";
		};
/* End PBXNativeTarget section */

/* Begin PBXProject section */
		02558C6221E2F6680054845D /* Project object */ = {
			isa = PBXProject;
			attributes = {
				LastSwiftUpdateCheck = 1010;
				LastUpgradeCheck = 1010;
				ORGANIZATIONNAME = test;
				TargetAttributes = {
					02558C6921E2F6680054845D = {
						CreatedOnToolsVersion = 10.1;
					};
				};
			};
			buildConfigurationList = 02558C6521E2F6680054845D /* Build configuration list for PBXProject "autolayouttest" */;
			compatibilityVersion = "Xcode 9.3";
			developmentRegion = en;
			hasScannedForEncodings = 0;
			knownRegions = (
				en,
				Base,
			);
			mainGroup = 02558C6121E2F6680054845D;
			productRefGroup = 02558C6B21E2F6680054845D /* Products */;
			projectDirPath = "";
			projectRoot = "";
			targets = (
				02558C6921E2F6680054845D /* autolayouttest */,
			);
		};
/* End PBXProject section */

/* Begin PBXResourcesBuildPhase section */
		02558C6821E2F6680054845D /* Resources */ = {
			isa = PBXResourcesBuildPhase;
			buildActionMask = 2147483647;
			files = (
				02558C7C21E2F66A0054845D /* LaunchScreen.storyboard in Resources */,
				02558C7921E2F66A0054845D /* Assets.xcassets in Resources */,
				02558C7721E2F6680054845D /* Main.storyboard in Resources */,
			);
			runOnlyForDeploymentPostprocessing = 0;
		};
/* End PBXResourcesBuildPhase section */

/* Begin PBXSourcesBuildPhase section */
		02558C6621E2F6680054845D /* Sources */ = {
			isa = PBXSourcesBuildPhase;
			buildActionMask = 2147483647;
			files = (
				02E531C221E31C6E00C34A91 /* Data3ViewController.swift in Sources */,
				02558C7021E2F6680054845D /* RootViewController.swift in Sources */,
				02558C7421E2F6680054845D /* ModelController.swift in Sources */,
				02558C7221E2F6680054845D /* Data1ViewController.swift in Sources */,
				02558C6E21E2F6680054845D /* AppDelegate.swift in Sources */,
				02E531C021E3158B00C34A91 /* Data2ViewController.swift in Sources */,
				02E531C421E32B7400C34A91 /* Data4ViewController.swift in Sources */,
			);
			runOnlyForDeploymentPostprocessing = 0;
		};
/* End PBXSourcesBuildPhase section */

/* Begin PBXVariantGroup section */
		02558C7521E2F6680054845D /* Main.storyboard */ = {
			isa = PBXVariantGroup;
			children = (
				02558C7621E2F6680054845D /* Base */,
			);
			name = Main.storyboard;
			sourceTree = "<group>";
		};
		02558C7A21E2F66A0054845D /* LaunchScreen.storyboard */ = {
			isa = PBXVariantGroup;
			children = (
				02558C7B21E2F66A0054845D /* Base */,
			);
			name = LaunchScreen.storyboard;
			sourceTree = "<group>";
		};
/* End PBXVariantGroup section */

/* Begin XCBuildConfiguration section */
		02558C7E21E2F66A0054845D /* Debug */ = {
			isa = XCBuildConfiguration;
			buildSettings = {
				ALWAYS_SEARCH_USER_PATHS = NO;
				CLANG_ANALYZER_NONNULL = YES;
				CLANG_ANALYZER_NUMBER_OBJECT_CONVERSION = YES_AGGRESSIVE;
				CLANG_CXX_LANGUAGE_STANDARD = "gnu++14";
				CLANG_CXX_LIBRARY = "libc++";
				CLANG_ENABLE_MODULES = YES;
				CLANG_ENABLE_OBJC_ARC = YES;
				CLANG_ENABLE_OBJC_WEAK = YES;
				CLANG_WARN_BLOCK_CAPTURE_AUTORELEASING = YES;
				CLANG_WARN_BOOL_CONVERSION = YES;
				CLANG_WARN_COMMA = YES;
				CLANG_WARN_CONSTANT_CONVERSION = YES;
				CLANG_WARN_DEPRECATED_OBJC_IMPLEMENTATIONS = YES;
				CLANG_WARN_DIRECT_OBJC_ISA_USAGE = YES_ERROR;
				CLANG_WARN_DOCUMENTATION_COMMENTS = YES;
				CLANG_WARN_EMPTY_BODY = YES;
				CLANG_WARN_ENUM_CONVERSION = YES;
				CLANG_WARN_INFINITE_RECURSION = YES;
				CLANG_WARN_INT_CONVERSION = YES;
				CLANG_WARN_NON_LITERAL_NULL_CONVERSION = YES;
				CLANG_WARN_OBJC_IMPLICIT_RETAIN_SELF = YES;
				CLANG_WARN_OBJC_LITERAL_CONVERSION = YES;
				CLANG_WARN_OBJC_ROOT_CLASS = YES_ERROR;
				CLANG_WARN_RANGE_LOOP_ANALYSIS = YES;
				CLANG_WARN_STRICT_PROTOTYPES = YES;
				CLANG_WARN_SUSPICIOUS_MOVE = YES;
				CLANG_WARN_UNGUARDED_AVAILABILITY = YES_AGGRESSIVE;
				CLANG_WARN_UNREACHABLE_CODE = YES;
				CLANG_WARN__DUPLICATE_METHOD_MATCH = YES;
				CODE_SIGN_IDENTITY = "iPhone Developer";
				COPY_PHASE_STRIP = NO;
				DEBUG_INFORMATION_FORMAT = dwarf;
				ENABLE_STRICT_OBJC_MSGSEND = YES;
				ENABLE_TESTABILITY = YES;
				GCC_C_LANGUAGE_STANDARD = gnu11;
				GCC_DYNAMIC_NO_PIC = NO;
				GCC_NO_COMMON_BLOCKS = YES;
				GCC_OPTIMIZATION_LEVEL = 0;
				GCC_PREPROCESSOR_DEFINITIONS = (
					"DEBUG=1",
					"$(inherited)",
				);
				GCC_WARN_64_TO_32_BIT_CONVERSION = YES;
				GCC_WARN_ABOUT_RETURN_TYPE = YES_ERROR;
				GCC_WARN_UNDECLARED_SELECTOR = YES;
				GCC_WARN_UNINITIALIZED_AUTOS = YES_AGGRESSIVE;
				GCC_WARN_UNUSED_FUNCTION = YES;
				GCC_WARN_UNUSED_VARIABLE = YES;
				IPHONEOS_DEPLOYMENT_TARGET = 12.1;
				MTL_ENABLE_DEBUG_INFO = INCLUDE_SOURCE;
				MTL_FAST_MATH = YES;
				ONLY_ACTIVE_ARCH = YES;
				SDKROOT = iphoneos;
				SWIFT_ACTIVE_COMPILATION_CONDITIONS = DEBUG;
				SWIFT_OPTIMIZATION_LEVEL = "-Onone";
			};
			name = Debug;
		};
		02558C7F21E2F66A0054845D /* Release */ = {
			isa = XCBuildConfiguration;
			buildSettings = {
				ALWAYS_SEARCH_USER_PATHS = NO;
				CLANG_ANALYZER_NONNULL = YES;
				CLANG_ANALYZER_NUMBER_OBJECT_CONVERSION = YES_AGGRESSIVE;
				CLANG_CXX_LANGUAGE_STANDARD = "gnu++14";
				CLANG_CXX_LIBRARY = "libc++";
				CLANG_ENABLE_MODULES = YES;
				CLANG_ENABLE_OBJC_ARC = YES;
				CLANG_ENABLE_OBJC_WEAK = YES;
				CLANG_WARN_BLOCK_CAPTURE_AUTORELEASING = YES;
				CLANG_WARN_BOOL_CONVERSION = YES;
				CLANG_WARN_COMMA = YES;
				CLANG_WARN_CONSTANT_CONVERSION = YES;
				CLANG_WARN_DEPRECATED_OBJC_IMPLEMENTATIONS = YES;
				CLANG_WARN_DIRECT_OBJC_ISA_USAGE = YES_ERROR;
				CLANG_WARN_DOCUMENTATION_COMMENTS = YES;
				CLANG_WARN_EMPTY_BODY = YES;
				CLANG_WARN_ENUM_CONVERSION = YES;
				CLANG_WARN_INFINITE_RECURSION = YES;
				CLANG_WARN_INT_CONVERSION = YES;
				CLANG_WARN_NON_LITERAL_NULL_CONVERSION = YES;
				CLANG_WARN_OBJC_IMPLICIT_RETAIN_SELF = YES;
				CLANG_WARN_OBJC_LITERAL_CONVERSION = YES;
				CLANG_WARN_OBJC_ROOT_CLASS = YES_ERROR;
				CLANG_WARN_RANGE_LOOP_ANALYSIS = YES;
				CLANG_WARN_STRICT_PROTOTYPES = YES;
				CLANG_WARN_SUSPICIOUS_MOVE = YES;
				CLANG_WARN_UNGUARDED_AVAILABILITY = YES_AGGRESSIVE;
				CLANG_WARN_UNREACHABLE_CODE = YES;
				CLANG_WARN__DUPLICATE_METHOD_MATCH = YES;
				CODE_SIGN_IDENTITY = "iPhone Developer";
				COPY_PHASE_STRIP = NO;
				DEBUG_INFORMATION_FORMAT = "dwarf-with-dsym";
				ENABLE_NS_ASSERTIONS = NO;
				ENABLE_STRICT_OBJC_MSGSEND = YES;
				GCC_C_LANGUAGE_STANDARD = gnu11;
				GCC_NO_COMMON_BLOCKS = YES;
				GCC_WARN_64_TO_32_BIT_CONVERSION = YES;
				GCC_WARN_ABOUT_RETURN_TYPE = YES_ERROR;
				GCC_WARN_UNDECLARED_SELECTOR = YES;
				GCC_WARN_UNINITIALIZED_AUTOS = YES_AGGRESSIVE;
				GCC_WARN_UNUSED_FUNCTION = YES;
				GCC_WARN_UNUSED_VARIABLE = YES;
				IPHONEOS_DEPLOYMENT_TARGET = 12.1;
				MTL_ENABLE_DEBUG_INFO = NO;
				MTL_FAST_MATH = YES;
				SDKROOT = iphoneos;
				SWIFT_COMPILATION_MODE = wholemodule;
				SWIFT_OPTIMIZATION_LEVEL = "-O";
				VALIDATE_PRODUCT = YES;
			};
			name = Release;
		};
		02558C8121E2F66A0054845D /* Debug */ = {
			isa = XCBuildConfiguration;
			buildSettings = {
				ASSETCATALOG_COMPILER_APPICON_NAME = AppIcon;
				CODE_SIGN_STYLE = Automatic;
				INFOPLIST_FILE = autolayouttest/Info.plist;
				LD_RUNPATH_SEARCH_PATHS = (
					"$(inherited)",
					"@executable_path/Frameworks",
				);
				PRODUCT_BUNDLE_IDENTIFIER = test.autolayouttest;
				PRODUCT_NAME = "$(TARGET_NAME)";
				SWIFT_VERSION = 4.2;
				TARGETED_DEVICE_FAMILY = "1,2";
			};
			name = Debug;
		};
		02558C8221E2F66A0054845D /* Release */ = {
			isa = XCBuildConfiguration;
			buildSettings = {
				ASSETCATALOG_COMPILER_APPICON_NAME = AppIcon;
				CODE_SIGN_STYLE = Automatic;
				INFOPLIST_FILE = autolayouttest/Info.plist;
				LD_RUNPATH_SEARCH_PATHS = (
					"$(inherited)",
					"@executable_path/Frameworks",
				);
				PRODUCT_BUNDLE_IDENTIFIER = test.autolayouttest;
				PRODUCT_NAME = "$(TARGET_NAME)";
				SWIFT_VERSION = 4.2;
				TARGETED_DEVICE_FAMILY = "1,2";
			};
			name = Release;
		};
/* End XCBuildConfiguration section */

/* Begin XCConfigurationList section */
		02558C6521E2F6680054845D /* Build configuration list for PBXProject "autolayouttest" */ = {
			isa = XCConfigurationList;
			buildConfigurations = (
				02558C7E21E2F66A0054845D /* Debug */,
				02558C7F21E2F66A0054845D /* Release */,
			);
			defaultConfigurationIsVisible = 0;
			defaultConfigurationName = Release;
		};
		02558C8021E2F66A0054845D /* Build configuration list for PBXNativeTarget "autolayouttest" */ = {
			isa = XCConfigurationList;
			buildConfigurations = (
				02558C8121E2F66A0054845D /* Debug */,
				02558C8221E2F66A0054845D /* Release */,
			);
			defaultConfigurationIsVisible = 0;
			defaultConfigurationName = Release;
		};
/* End XCConfigurationList section */
	};
	rootObject = 02558C6221E2F6680054845D /* Project object */;
}
